
Microsoft Visual Studio Solution File, Format Version 12.00
# Visual Studio Version 16
VisualStudioVersion = 25.0.1705.7
MinimumVisualStudioVersion = 10.0.40219.1
Project("{FAE04EC0-301F-11D3-BF4B-00C04F79EFBC}") = "ContosoUniversity", "ContosoUniversity\ContosoUniversity.csproj", "{DEAF3CE5-36B9-4F36-B3E1-92DDDFA0BA8E}"
EndProject
Global
	GlobalSection(SolutionConfigurationPlatforms) = preSolution
		Debug|Any CPU = Debug|Any CPU
		Release|Any CPU = Release|Any CPU
	EndGlobalSection
	GlobalSection(ProjectConfigurationPlatforms) = postSolution
		{DEAF3CE5-36B9-4F36-B3E1-92DDDFA0BA8E}.Debug|Any CPU.ActiveCfg = Debug|Any CPU
		{DEAF3CE5-36B9-4F36-B3E1-92DDDFA0BA8E}.Debug|Any CPU.Build.0 = Debug|Any CPU
		{DEAF3CE5-36B9-4F36-B3E1-92DDDFA0BA8E}.Release|Any CPU.ActiveCfg = Release|Any CPU
		{DEAF3CE5-36B9-4F36-B3E1-92DDDFA0BA8E}.Release|Any CPU.Build.0 = Release|Any CPU
	EndGlobalSection
	GlobalSection(SolutionProperties) = preSolution
		HideSolutionNode = FALSE
	EndGlobalSection
	GlobalSection(ExtensibilityGlobals) = postSolution
		SolutionGuid = {D29D9052-A11D-440C-8485-786759592483}
	EndGlobalSection
EndGlobal
